
Microsoft Visual Studio Solution File, Format Version 12.00
# Visual Studio Express 2012 for Windows Desktop
Project("{FAE04EC0-301F-11D3-BF4B-00C04F79EFBC}") = "WpdMtpLib", "WpdMtpLib\WpdMtpLib.csproj", "{4F05D585-BE9A-4158-BC28-8A56FD20F9CE}"
EndProject
Project("{FAE04EC0-301F-11D3-BF4B-00C04F79EFBC}") = "Test", "Test\Test.csproj", "{EFD2E9CE-B07C-47E9-95E0-FD3E15C1CC77}"
EndProject
Global
	GlobalSection(SolutionConfigurationPlatforms) = preSolution
		Debug|Any CPU = Debug|Any CPU
		Release|Any CPU = Release|Any CPU
	EndGlobalSection
	GlobalSection(ProjectConfigurationPlatforms) = postSolution
		{4F05D585-BE9A-4158-BC28-8A56FD20F9CE}.Debug|Any CPU.ActiveCfg = Debug|Any CPU
		{4F05D585-BE9A-4158-BC28-8A56FD20F9CE}.Debug|Any CPU.Build.0 = Debug|Any CPU
		{4F05D585-BE9A-4158-BC28-8A56FD20F9CE}.Release|Any CPU.ActiveCfg = Release|Any CPU
		{4F05D585-BE9A-4158-BC28-8A56FD20F9CE}.Release|Any CPU.Build.0 = Release|Any CPU
		{EFD2E9CE-B07C-47E9-95E0-FD3E15C1CC77}.Debug|Any CPU.ActiveCfg = Debug|Any CPU
		{EFD2E9CE-B07C-47E9-95E0-FD3E15C1CC77}.Debug|Any CPU.Build.0 = Debug|Any CPU
		{EFD2E9CE-B07C-47E9-95E0-FD3E15C1CC77}.Release|Any CPU.ActiveCfg = Release|Any CPU
		{EFD2E9CE-B07C-47E9-95E0-FD3E15C1CC77}.Release|Any CPU.Build.0 = Release|Any CPU
	EndGlobalSection
	GlobalSection(SolutionProperties) = preSolution
		HideSolutionNode = FALSE
	EndGlobalSection
EndGlobal
